
Microsoft Visual Studio Solution File, Format Version 12.00
# Visual Studio 14
VisualStudioVersion = 14.0.25123.0
MinimumVisualStudioVersion = 10.0.40219.1
Project("{FAE04EC0-301F-11D3-BF4B-00C04F79EFBC}") = "Configgy.Tests.Unit", "Configgy.Tests.Unit\Configgy.Tests.Unit.csproj", "{7F12D645-C71F-4062-A498-CFEB89102E53}"
EndProject
Project("{FAE04EC0-301F-11D3-BF4B-00C04F79EFBC}") = "Configgy", "Configgy\Configgy.csproj", "{1833C0D9-5794-4563-88BC-EA544E6FC2CF}"
EndProject
Project("{2150E333-8FDC-42A3-9474-1A3956D46DE8}") = "Solution Items", "Solution Items", "{7BD7B5E4-83FB-4251-97E3-C1C418D1CDAB}"
	ProjectSection(SolutionItems) = preProject
		NuGet.md = NuGet.md
		README.md = README.md
	EndProjectSection
EndProject
Project("{2150E333-8FDC-42A3-9474-1A3956D46DE8}") = "Documentation", "Documentation", "{AB754859-8571-4BF6-93E5-88ACCEADDBED}"
	ProjectSection(SolutionItems) = preProject
		Documentation\1-Overview.md = Documentation\1-Overview.md
	EndProjectSection
EndProject
Project("{2150E333-8FDC-42A3-9474-1A3956D46DE8}") = "OLD", "OLD", "{C8696C8A-D2FC-44CA-B4F0-9FFC209103EF}"
	ProjectSection(SolutionItems) = preProject
		Documentation\OLD\CommandLine.md = Documentation\OLD\CommandLine.md
		Documentation\OLD\CustomSources.md = Documentation\OLD\CustomSources.md
		Documentation\OLD\DependencyInjection.md = Documentation\OLD\DependencyInjection.md
		Documentation\OLD\Introduction.md = Documentation\OLD\Introduction.md
		Documentation\OLD\ValidatorsAndCoercers.md = Documentation\OLD\ValidatorsAndCoercers.md
	EndProjectSection
EndProject
Project("{2150E333-8FDC-42A3-9474-1A3956D46DE8}") = "Pipeline", "Pipeline", "{14212D2E-1CC4-45AA-82C7-D66B59EF2E42}"
	ProjectSection(SolutionItems) = preProject
		Documentation\Pipeline\1-Cache.md = Documentation\Pipeline\1-Cache.md
		Documentation\Pipeline\2-Source.md = Documentation\Pipeline\2-Source.md
		Documentation\Pipeline\3-Transform.md = Documentation\Pipeline\3-Transform.md
		Documentation\Pipeline\4-Validate.md = Documentation\Pipeline\4-Validate.md
		Documentation\Pipeline\5 - Coerce.md = Documentation\Pipeline\5 - Coerce.md
	EndProjectSection
EndProject
Global
	GlobalSection(SolutionConfigurationPlatforms) = preSolution
		Debug|Any CPU = Debug|Any CPU
		Release|Any CPU = Release|Any CPU
	EndGlobalSection
	GlobalSection(ProjectConfigurationPlatforms) = postSolution
		{7F12D645-C71F-4062-A498-CFEB89102E53}.Debug|Any CPU.ActiveCfg = Debug|Any CPU
		{7F12D645-C71F-4062-A498-CFEB89102E53}.Debug|Any CPU.Build.0 = Debug|Any CPU
		{7F12D645-C71F-4062-A498-CFEB89102E53}.Release|Any CPU.ActiveCfg = Release|Any CPU
		{7F12D645-C71F-4062-A498-CFEB89102E53}.Release|Any CPU.Build.0 = Release|Any CPU
		{1833C0D9-5794-4563-88BC-EA544E6FC2CF}.Debug|Any CPU.ActiveCfg = Debug|Any CPU
		{1833C0D9-5794-4563-88BC-EA544E6FC2CF}.Debug|Any CPU.Build.0 = Debug|Any CPU
		{1833C0D9-5794-4563-88BC-EA544E6FC2CF}.Release|Any CPU.ActiveCfg = Release|Any CPU
		{1833C0D9-5794-4563-88BC-EA544E6FC2CF}.Release|Any CPU.Build.0 = Release|Any CPU
	EndGlobalSection
	GlobalSection(SolutionProperties) = preSolution
		HideSolutionNode = FALSE
	EndGlobalSection
	GlobalSection(NestedProjects) = preSolution
		{AB754859-8571-4BF6-93E5-88ACCEADDBED} = {7BD7B5E4-83FB-4251-97E3-C1C418D1CDAB}
		{C8696C8A-D2FC-44CA-B4F0-9FFC209103EF} = {AB754859-8571-4BF6-93E5-88ACCEADDBED}
		{14212D2E-1CC4-45AA-82C7-D66B59EF2E42} = {AB754859-8571-4BF6-93E5-88ACCEADDBED}
	EndGlobalSection
EndGlobal
