
Microsoft Visual Studio Solution File, Format Version 12.00
# Visual Studio 15
VisualStudioVersion = 15.0.26228.4
MinimumVisualStudioVersion = 10.0.40219.1
Project("{2150E333-8FDC-42A3-9474-1A3956D46DE8}") = "Solution Items", "Solution Items", "{7BD7B5E4-83FB-4251-97E3-C1C418D1CDAB}"
	ProjectSection(SolutionItems) = preProject
		NuGet.md = NuGet.md
		README.md = README.md
	EndProjectSection
EndProject
Project("{2150E333-8FDC-42A3-9474-1A3956D46DE8}") = "Documentation", "Documentation", "{AB754859-8571-4BF6-93E5-88ACCEADDBED}"
	ProjectSection(SolutionItems) = preProject
		Documentation\1-Overview.md = Documentation\1-Overview.md
		Documentation\2-Other.md = Documentation\2-Other.md
		Documentation\3-Advanced.md = Documentation\3-Advanced.md
	EndProjectSection
EndProject
Project("{2150E333-8FDC-42A3-9474-1A3956D46DE8}") = "Pipeline", "Pipeline", "{14212D2E-1CC4-45AA-82C7-D66B59EF2E42}"
	ProjectSection(SolutionItems) = preProject
		Documentation\Pipeline\1-Cache.md = Documentation\Pipeline\1-Cache.md
		Documentation\Pipeline\2-Source.md = Documentation\Pipeline\2-Source.md
		Documentation\Pipeline\3-Transform.md = Documentation\Pipeline\3-Transform.md
		Documentation\Pipeline\4-Validate.md = Documentation\Pipeline\4-Validate.md
		Documentation\Pipeline\5-Coerce.md = Documentation\Pipeline\5-Coerce.md
	EndProjectSection
EndProject
Project("{FAE04EC0-301F-11D3-BF4B-00C04F79EFBC}") = "Configgy", "Configgy\Configgy.csproj", "{D969A961-6EC8-447D-B3B3-AFC65D560018}"
EndProject
Project("{FAE04EC0-301F-11D3-BF4B-00C04F79EFBC}") = "Configgy.Tests", "Configgy.Tests\Configgy.Tests.csproj", "{B38EA7C3-B62E-4BFA-BDC6-5DC8EC0F5313}"
EndProject
Project("{FAE04EC0-301F-11D3-BF4B-00C04F79EFBC}") = "Configgy.Tests.NullableDisable", "Configgy.Tests.NullableDisable\Configgy.Tests.NullableDisable.csproj", "{AE56D723-0FD3-4818-9F09-F23E3D25F78D}"
EndProject
Global
	GlobalSection(SolutionConfigurationPlatforms) = preSolution
		Debug|Any CPU = Debug|Any CPU
		Release|Any CPU = Release|Any CPU
	EndGlobalSection
	GlobalSection(ProjectConfigurationPlatforms) = postSolution
		{D969A961-6EC8-447D-B3B3-AFC65D560018}.Debug|Any CPU.ActiveCfg = Debug|Any CPU
		{D969A961-6EC8-447D-B3B3-AFC65D560018}.Debug|Any CPU.Build.0 = Debug|Any CPU
		{D969A961-6EC8-447D-B3B3-AFC65D560018}.Release|Any CPU.ActiveCfg = Release|Any CPU
		{D969A961-6EC8-447D-B3B3-AFC65D560018}.Release|Any CPU.Build.0 = Release|Any CPU
		{B38EA7C3-B62E-4BFA-BDC6-5DC8EC0F5313}.Debug|Any CPU.ActiveCfg = Debug|Any CPU
		{B38EA7C3-B62E-4BFA-BDC6-5DC8EC0F5313}.Debug|Any CPU.Build.0 = Debug|Any CPU
		{B38EA7C3-B62E-4BFA-BDC6-5DC8EC0F5313}.Release|Any CPU.ActiveCfg = Release|Any CPU
		{B38EA7C3-B62E-4BFA-BDC6-5DC8EC0F5313}.Release|Any CPU.Build.0 = Release|Any CPU
		{AE56D723-0FD3-4818-9F09-F23E3D25F78D}.Debug|Any CPU.ActiveCfg = Debug|Any CPU
		{AE56D723-0FD3-4818-9F09-F23E3D25F78D}.Debug|Any CPU.Build.0 = Debug|Any CPU
		{AE56D723-0FD3-4818-9F09-F23E3D25F78D}.Release|Any CPU.ActiveCfg = Release|Any CPU
		{AE56D723-0FD3-4818-9F09-F23E3D25F78D}.Release|Any CPU.Build.0 = Release|Any CPU
	EndGlobalSection
	GlobalSection(SolutionProperties) = preSolution
		HideSolutionNode = FALSE
	EndGlobalSection
	GlobalSection(NestedProjects) = preSolution
		{AB754859-8571-4BF6-93E5-88ACCEADDBED} = {7BD7B5E4-83FB-4251-97E3-C1C418D1CDAB}
		{14212D2E-1CC4-45AA-82C7-D66B59EF2E42} = {AB754859-8571-4BF6-93E5-88ACCEADDBED}
	EndGlobalSection
EndGlobal
